// !$*UTF8*$!
{
	archiveVersion = 1;
	classes = {
	};
	objectVersion = 77;
	objects = {

/* Begin PBXContainerItemProxy section */
		1E6BF54A2CC6767000087529 /* PBXContainerItemProxy */ = {
			isa = PBXContainerItemProxy;
			containerPortal = 1E6BF5312CC6766E00087529 /* Project object */;
			proxyType = 1;
			remoteGlobalIDString = 1E6BF5382CC6766E00087529;
			remoteInfo = SolarSystemAR;
		};
		1E6BF5542CC6767000087529 /* PBXContainerItemProxy */ = {
			isa = PBXContainerItemProxy;
			containerPortal = 1E6BF5312CC6766E00087529 /* Project object */;
			proxyType = 1;
			remoteGlobalIDString = 1E6BF5382CC6766E00087529;
			remoteInfo = SolarSystemAR;
		};
/* End PBXContainerItemProxy section */

/* Begin PBXFileReference section */
		1E6BF5392CC6766E00087529 /* SolarSystemAR.app */ = {isa = PBXFileReference; explicitFileType = wrapper.application; includeInIndex = 0; path = SolarSystemAR.app; sourceTree = BUILT_PRODUCTS_DIR; };
		1E6BF5492CC6767000087529 /* SolarSystemARTests.xctest */ = {isa = PBXFileReference; explicitFileType = wrapper.cfbundle; includeInIndex = 0; path = SolarSystemARTests.xctest; sourceTree = BUILT_PRODUCTS_DIR; };
		1E6BF5532CC6767000087529 /* SolarSystemARUITests.xctest */ = {isa = PBXFileReference; explicitFileType = wrapper.cfbundle; includeInIndex = 0; path = SolarSystemARUITests.xctest; sourceTree = BUILT_PRODUCTS_DIR; };
/* End PBXFileReference section */

/* Begin PBXFileSystemSynchronizedBuildFileExceptionSet section */
		1E6BF5802CC67EFA00087529 /* Exceptions for "SolarSystemAR" folder in "SolarSystemAR" target */ = {
			isa = PBXFileSystemSynchronizedBuildFileExceptionSet;
			membershipExceptions = (
				Info.plist,
			);
			target = 1E6BF5382CC6766E00087529 /* SolarSystemAR */;
		};
/* End PBXFileSystemSynchronizedBuildFileExceptionSet section */

/* Begin PBXFileSystemSynchronizedRootGroup section */
		1E6BF53B2CC6766E00087529 /* SolarSystemAR */ = {
			isa = PBXFileSystemSynchronizedRootGroup;
			exceptions = (
				1E6BF5802CC67EFA00087529 /* Exceptions for "SolarSystemAR" folder in "SolarSystemAR" target */,
			);
			path = SolarSystemAR;
			sourceTree = "<group>";
		};
		1E6BF54C2CC6767000087529 /* SolarSystemARTests */ = {
			isa = PBXFileSystemSynchronizedRootGroup;
			path = SolarSystemARTests;
			sourceTree = "<group>";
		};
		1E6BF5562CC6767000087529 /* SolarSystemARUITests */ = {
			isa = PBXFileSystemSynchronizedRootGroup;
			path = SolarSystemARUITests;
			sourceTree = "<group>";
		};
/* End PBXFileSystemSynchronizedRootGroup section */

/* Begin PBXFrameworksBuildPhase section */
		1E6BF5362CC6766E00087529 /* Frameworks */ = {
			isa = PBXFrameworksBuildPhase;
			buildActionMask = 2147483647;
			files = (
			);
			runOnlyForDeploymentPostprocessing = 0;
		};
		1E6BF5462CC6767000087529 /* Frameworks */ = {
			isa = PBXFrameworksBuildPhase;
			buildActionMask = 2147483647;
			files = (
			);
			runOnlyForDeploymentPostprocessing = 0;
		};
		1E6BF5502CC6767000087529 /* Frameworks */ = {
			isa = PBXFrameworksBuildPhase;
			buildActionMask = 2147483647;
			files = (
			);
			runOnlyForDeploymentPostprocessing = 0;
		};
/* End PBXFrameworksBuildPhase section */

/* Begin PBXGroup section */
		1E6BF5302CC6766E00087529 = {
			isa = PBXGroup;
			children = (
				1E6BF53B2CC6766E00087529 /* SolarSystemAR */,
				1E6BF54C2CC6767000087529 /* SolarSystemARTests */,
				1E6BF5562CC6767000087529 /* SolarSystemARUITests */,
				1E6BF53A2CC6766E00087529 /* Products */,
			);
			sourceTree = "<group>";
		};
		1E6BF53A2CC6766E00087529 /* Products */ = {
			isa = PBXGroup;
			children = (
				1E6BF5392CC6766E00087529 /* SolarSystemAR.app */,
				1E6BF5492CC6767000087529 /* SolarSystemARTests.xctest */,
				1E6BF5532CC6767000087529 /* SolarSystemARUITests.xctest */,
			);
			name = Products;
			sourceTree = "<group>";
		};
/* End PBXGroup section */

/* Begin PBXNativeTarget section */
		1E6BF5382CC6766E00087529 /* SolarSystemAR */ = {
			isa = PBXNativeTarget;
			buildConfigurationList = 1E6BF55D2CC6767000087529 /* Build configuration list for PBXNativeTarget "SolarSystemAR" */;
			buildPhases = (
				1E6BF5352CC6766E00087529 /* Sources */,
				1E6BF5362CC6766E00087529 /* Frameworks */,
				1E6BF5372CC6766E00087529 /* Resources */,
			);
			buildRules = (
			);
			dependencies = (
			);
			fileSystemSynchronizedGroups = (
				1E6BF53B2CC6766E00087529 /* SolarSystemAR */,
			);
			name = SolarSystemAR;
			packageProductDependencies = (
			);
			productName = SolarSystemAR;
			productReference = 1E6BF5392CC6766E00087529 /* SolarSystemAR.app */;
			productType = "com.apple.product-type.application";
		};
		1E6BF5482CC6767000087529 /* SolarSystemARTests */ = {
			isa = PBXNativeTarget;
			buildConfigurationList = 1E6BF5602CC6767000087529 /* Build configuration list for PBXNativeTarget "SolarSystemARTests" */;
			buildPhases = (
				1E6BF5452CC6767000087529 /* Sources */,
				1E6BF5462CC6767000087529 /* Frameworks */,
				1E6BF5472CC6767000087529 /* Resources */,
			);
			buildRules = (
			);
			dependencies = (
				1E6BF54B2CC6767000087529 /* PBXTargetDependency */,
			);
			fileSystemSynchronizedGroups = (
				1E6BF54C2CC6767000087529 /* SolarSystemARTests */,
			);
			name = SolarSystemARTests;
			packageProductDependencies = (
			);
			productName = SolarSystemARTests;
			productReference = 1E6BF5492CC6767000087529 /* SolarSystemARTests.xctest */;
			productType = "com.apple.product-type.bundle.unit-test";
		};
		1E6BF5522CC6767000087529 /* SolarSystemARUITests */ = {
			isa = PBXNativeTarget;
			buildConfigurationList = 1E6BF5632CC6767000087529 /* Build configuration list for PBXNativeTarget "SolarSystemARUITests" */;
			buildPhases = (
				1E6BF54F2CC6767000087529 /* Sources */,
				1E6BF5502CC6767000087529 /* Frameworks */,
				1E6BF5512CC6767000087529 /* Resources */,
			);
			buildRules = (
			);
			dependencies = (
				1E6BF5552CC6767000087529 /* PBXTargetDependency */,
			);
			fileSystemSynchronizedGroups = (
				1E6BF5562CC6767000087529 /* SolarSystemARUITests */,
			);
			name = SolarSystemARUITests;
			packageProductDependencies = (
			);
			productName = SolarSystemARUITests;
			productReference = 1E6BF5532CC6767000087529 /* SolarSystemARUITests.xctest */;
			productType = "com.apple.product-type.bundle.ui-testing";
		};
/* End PBXNativeTarget section */

/* Begin PBXProject section */
		1E6BF5312CC6766E00087529 /* Project object */ = {
			isa = PBXProject;
			attributes = {
				BuildIndependentTargetsInParallel = 1;
				LastSwiftUpdateCheck = 1600;
				LastUpgradeCheck = 1600;
				TargetAttributes = {
					1E6BF5382CC6766E00087529 = {
						CreatedOnToolsVersion = 16.0;
					};
					1E6BF5482CC6767000087529 = {
						CreatedOnToolsVersion = 16.0;
						TestTargetID = 1E6BF5382CC6766E00087529;
					};
					1E6BF5522CC6767000087529 = {
						CreatedOnToolsVersion = 16.0;
						TestTargetID = 1E6BF5382CC6766E00087529;
					};
				};
			};
			buildConfigurationList = 1E6BF5342CC6766E00087529 /* Build configuration list for PBXProject "SolarSystemAR" */;
			developmentRegion = en;
			hasScannedForEncodings = 0;
			knownRegions = (
				en,
				Base,
			);
			mainGroup = 1E6BF5302CC6766E00087529;
			minimizedProjectReferenceProxies = 1;
			preferredProjectObjectVersion = 77;
			productRefGroup = 1E6BF53A2CC6766E00087529 /* Products */;
			projectDirPath = "";
			projectRoot = "";
			targets = (
				1E6BF5382CC6766E00087529 /* SolarSystemAR */,
				1E6BF5482CC6767000087529 /* SolarSystemARTests */,
				1E6BF5522CC6767000087529 /* SolarSystemARUITests */,
			);
		};
/* End PBXProject section */

/* Begin PBXResourcesBuildPhase section */
		1E6BF5372CC6766E00087529 /* Resources */ = {
			isa = PBXResourcesBuildPhase;
			buildActionMask = 2147483647;
			files = (
			);
			runOnlyForDeploymentPostprocessing = 0;
		};
		1E6BF5472CC6767000087529 /* Resources */ = {
			isa = PBXResourcesBuildPhase;
			buildActionMask = 2147483647;
			files = (
			);
			runOnlyForDeploymentPostprocessing = 0;
		};
		1E6BF5512CC6767000087529 /* Resources */ = {
			isa = PBXResourcesBuildPhase;
			buildActionMask = 2147483647;
			files = (
			);
			runOnlyForDeploymentPostprocessing = 0;
		};
/* End PBXResourcesBuildPhase section */

/* Begin PBXSourcesBuildPhase section */
		1E6BF5352CC6766E00087529 /* Sources */ = {
			isa = PBXSourcesBuildPhase;
			buildActionMask = 2147483647;
			files = (
			);
			runOnlyForDeploymentPostprocessing = 0;
		};
		1E6BF5452CC6767000087529 /* Sources */ = {
			isa = PBXSourcesBuildPhase;
			buildActionMask = 2147483647;
			files = (
			);
			runOnlyForDeploymentPostprocessing = 0;
		};
		1E6BF54F2CC6767000087529 /* Sources */ = {
			isa = PBXSourcesBuildPhase;
			buildActionMask = 2147483647;
			files = (
			);
			runOnlyForDeploymentPostprocessing = 0;
		};
/* End PBXSourcesBuildPhase section */

/* Begin PBXTargetDependency section */
		1E6BF54B2CC6767000087529 /* PBXTargetDependency */ = {
			isa = PBXTargetDependency;
			target = 1E6BF5382CC6766E00087529 /* SolarSystemAR */;
			targetProxy = 1E6BF54A2CC6767000087529 /* PBXContainerItemProxy */;
		};
		1E6BF5552CC6767000087529 /* PBXTargetDependency */ = {
			isa = PBXTargetDependency;
			target = 1E6BF5382CC6766E00087529 /* SolarSystemAR */;
			targetProxy = 1E6BF5542CC6767000087529 /* PBXContainerItemProxy */;
		};
/* End PBXTargetDependency section */

/* Begin XCBuildConfiguration section */
		1E6BF55B2CC6767000087529 /* Debug */ = {
			isa = XCBuildConfiguration;
			buildSettings = {
				ALWAYS_SEARCH_USER_PATHS = NO;
				ASSETCATALOG_COMPILER_GENERATE_SWIFT_ASSET_SYMBOL_EXTENSIONS = YES;
				CLANG_ANALYZER_NONNULL = YES;
				CLANG_ANALYZER_NUMBER_OBJECT_CONVERSION = YES_AGGRESSIVE;
				CLANG_CXX_LANGUAGE_STANDARD = "gnu++20";
				CLANG_ENABLE_MODULES = YES;
				CLANG_ENABLE_OBJC_ARC = YES;
				CLANG_ENABLE_OBJC_WEAK = YES;
				CLANG_WARN_BLOCK_CAPTURE_AUTORELEASING = YES;
				CLANG_WARN_BOOL_CONVERSION = YES;
				CLANG_WARN_COMMA = YES;
				CLANG_WARN_CONSTANT_CONVERSION = YES;
				CLANG_WARN_DEPRECATED_OBJC_IMPLEMENTATIONS = YES;
				CLANG_WARN_DIRECT_OBJC_ISA_USAGE = YES_ERROR;
				CLANG_WARN_DOCUMENTATION_COMMENTS = YES;
				CLANG_WARN_EMPTY_BODY = YES;
				CLANG_WARN_ENUM_CONVERSION = YES;
				CLANG_WARN_INFINITE_RECURSION = YES;
				CLANG_WARN_INT_CONVERSION = YES;
				CLANG_WARN_NON_LITERAL_NULL_CONVERSION = YES;
				CLANG_WARN_OBJC_IMPLICIT_RETAIN_SELF = YES;
				CLANG_WARN_OBJC_LITERAL_CONVERSION = YES;
				CLANG_WARN_OBJC_ROOT_CLASS = YES_ERROR;
				CLANG_WARN_QUOTED_INCLUDE_IN_FRAMEWORK_HEADER = YES;
				CLANG_WARN_RANGE_LOOP_ANALYSIS = YES;
				CLANG_WARN_STRICT_PROTOTYPES = YES;
				CLANG_WARN_SUSPICIOUS_MOVE = YES;
				CLANG_WARN_UNGUARDED_AVAILABILITY = YES_AGGRESSIVE;
				CLANG_WARN_UNREACHABLE_CODE = YES;
				CLANG_WARN__DUPLICATE_METHOD_MATCH = YES;
				COPY_PHASE_STRIP = NO;
				DEBUG_INFORMATION_FORMAT = dwarf;
				ENABLE_STRICT_OBJC_MSGSEND = YES;
				ENABLE_TESTABILITY = YES;
				ENABLE_USER_SCRIPT_SANDBOXING = YES;
				GCC_C_LANGUAGE_STANDARD = gnu17;
				GCC_DYNAMIC_NO_PIC = NO;
				GCC_NO_COMMON_BLOCKS = YES;
				GCC_OPTIMIZATION_LEVEL = 0;
				GCC_PREPROCESSOR_DEFINITIONS = (
					"DEBUG=1",
					"$(inherited)",
				);
				GCC_WARN_64_TO_32_BIT_CONVERSION = YES;
				GCC_WARN_ABOUT_RETURN_TYPE = YES_ERROR;
				GCC_WARN_UNDECLARED_SELECTOR = YES;
				GCC_WARN_UNINITIALIZED_AUTOS = YES_AGGRESSIVE;
				GCC_WARN_UNUSED_FUNCTION = YES;
				GCC_WARN_UNUSED_VARIABLE = YES;
				IPHONEOS_DEPLOYMENT_TARGET = 18.0;
				LOCALIZATION_PREFERS_STRING_CATALOGS = YES;
				MTL_ENABLE_DEBUG_INFO = INCLUDE_SOURCE;
				MTL_FAST_MATH = YES;
				ONLY_ACTIVE_ARCH = YES;
				SDKROOT = iphoneos;
				SWIFT_ACTIVE_COMPILATION_CONDITIONS = "DEBUG $(inherited)";
				SWIFT_OPTIMIZATION_LEVEL = "-Onone";
			};
			name = Debug;
		};
		1E6BF55C2CC6767000087529 /* Release */ = {
			isa = XCBuildConfiguration;
			buildSettings = {
				ALWAYS_SEARCH_USER_PATHS = NO;
				ASSETCATALOG_COMPILER_GENERATE_SWIFT_ASSET_SYMBOL_EXTENSIONS = YES;
				CLANG_ANALYZER_NONNULL = YES;
				CLANG_ANALYZER_NUMBER_OBJECT_CONVERSION = YES_AGGRESSIVE;
				CLANG_CXX_LANGUAGE_STANDARD = "gnu++20";
				CLANG_ENABLE_MODULES = YES;
				CLANG_ENABLE_OBJC_ARC = YES;
				CLANG_ENABLE_OBJC_WEAK = YES;
				CLANG_WARN_BLOCK_CAPTURE_AUTORELEASING = YES;
				CLANG_WARN_BOOL_CONVERSION = YES;
				CLANG_WARN_COMMA = YES;
				CLANG_WARN_CONSTANT_CONVERSION = YES;
				CLANG_WARN_DEPRECATED_OBJC_IMPLEMENTATIONS = YES;
				CLANG_WARN_DIRECT_OBJC_ISA_USAGE = YES_ERROR;
				CLANG_WARN_DOCUMENTATION_COMMENTS = YES;
				CLANG_WARN_EMPTY_BODY = YES;
				CLANG_WARN_ENUM_CONVERSION = YES;
				CLANG_WARN_INFINITE_RECURSION = YES;
				CLANG_WARN_INT_CONVERSION = YES;
				CLANG_WARN_NON_LITERAL_NULL_CONVERSION = YES;
				CLANG_WARN_OBJC_IMPLICIT_RETAIN_SELF = YES;
				CLANG_WARN_OBJC_LITERAL_CONVERSION = YES;
				CLANG_WARN_OBJC_ROOT_CLASS = YES_ERROR;
				CLANG_WARN_QUOTED_INCLUDE_IN_FRAMEWORK_HEADER = YES;
				CLANG_WARN_RANGE_LOOP_ANALYSIS = YES;
				CLANG_WARN_STRICT_PROTOTYPES = YES;
				CLANG_WARN_SUSPICIOUS_MOVE = YES;
				CLANG_WARN_UNGUARDED_AVAILABILITY = YES_AGGRESSIVE;
				CLANG_WARN_UNREACHABLE_CODE = YES;
				CLANG_WARN__DUPLICATE_METHOD_MATCH = YES;
				COPY_PHASE_STRIP = NO;
				DEBUG_INFORMATION_FORMAT = "dwarf-with-dsym";
				ENABLE_NS_ASSERTIONS = NO;
				ENABLE_STRICT_OBJC_MSGSEND = YES;
				ENABLE_USER_SCRIPT_SANDBOXING = YES;
				GCC_C_LANGUAGE_STANDARD = gnu17;
				GCC_NO_COMMON_BLOCKS = YES;
				GCC_WARN_64_TO_32_BIT_CONVERSION = YES;
				GCC_WARN_ABOUT_RETURN_TYPE = YES_ERROR;
				GCC_WARN_UNDECLARED_SELECTOR = YES;
				GCC_WARN_UNINITIALIZED_AUTOS = YES_AGGRESSIVE;
				GCC_WARN_UNUSED_FUNCTION = YES;
				GCC_WARN_UNUSED_VARIABLE = YES;
				IPHONEOS_DEPLOYMENT_TARGET = 18.0;
				LOCALIZATION_PREFERS_STRING_CATALOGS = YES;
				MTL_ENABLE_DEBUG_INFO = NO;
				MTL_FAST_MATH = YES;
				SDKROOT = iphoneos;
				SWIFT_COMPILATION_MODE = wholemodule;
				VALIDATE_PRODUCT = YES;
			};
			name = Release;
		};
		1E6BF55E2CC6767000087529 /* Debug */ = {
			isa = XCBuildConfiguration;
			buildSettings = {
				ASSETCATALOG_COMPILER_APPICON_NAME = AppIcon;
				ASSETCATALOG_COMPILER_GLOBAL_ACCENT_COLOR_NAME = AccentColor;
				CODE_SIGN_STYLE = Automatic;
				CURRENT_PROJECT_VERSION = 1;
				DEVELOPMENT_ASSET_PATHS = "\"SolarSystemAR/Preview Content\"";
				DEVELOPMENT_TEAM = NQ226ZLDF2;
				ENABLE_PREVIEWS = YES;
				GENERATE_INFOPLIST_FILE = YES;
				INFOPLIST_FILE = SolarSystemAR/Info.plist;
				INFOPLIST_KEY_NSCameraUsageDescription = "We need access to the camera for AR features";
				INFOPLIST_KEY_UIApplicationSupportsIndirectInputEvents = YES;
				INFOPLIST_KEY_UILaunchScreen_Generation = YES;
				INFOPLIST_KEY_UIRequiredDeviceCapabilities = arkit;
				INFOPLIST_KEY_UIStatusBarHidden = YES;
				INFOPLIST_KEY_UISupportedInterfaceOrientations_iPad = "UIInterfaceOrientationPortrait UIInterfaceOrientationPortraitUpsideDown UIInterfaceOrientationLandscapeLeft UIInterfaceOrientationLandscapeRight";
				INFOPLIST_KEY_UISupportedInterfaceOrientations_iPhone = "UIInterfaceOrientationPortrait UIInterfaceOrientationLandscapeLeft UIInterfaceOrientationLandscapeRight";
				LD_RUNPATH_SEARCH_PATHS = (
					"$(inherited)",
					"@executable_path/Frameworks",
				);
				MARKETING_VERSION = 1.0;
				PRODUCT_BUNDLE_IDENTIFIER = com.lin.SolarSystemAR.SolarSystemAR;
				PRODUCT_NAME = "$(TARGET_NAME)";
				SWIFT_EMIT_LOC_STRINGS = YES;
				SWIFT_VERSION = 5.0;
				TARGETED_DEVICE_FAMILY = "1,2";
			};
			name = Debug;
		};
		1E6BF55F2CC6767000087529 /* Release */ = {
			isa = XCBuildConfiguration;
			buildSettings = {
				ASSETCATALOG_COMPILER_APPICON_NAME = AppIcon;
				ASSETCATALOG_COMPILER_GLOBAL_ACCENT_COLOR_NAME = AccentColor;
				CODE_SIGN_STYLE = Automatic;
				CURRENT_PROJECT_VERSION = 1;
				DEVELOPMENT_ASSET_PATHS = "\"SolarSystemAR/Preview Content\"";
				DEVELOPMENT_TEAM = NQ226ZLDF2;
				ENABLE_PREVIEWS = YES;
				GENERATE_INFOPLIST_FILE = YES;
				INFOPLIST_FILE = SolarSystemAR/Info.plist;
				INFOPLIST_KEY_NSCameraUsageDescription = "We need access to the camera for AR features";
				INFOPLIST_KEY_UIApplicationSupportsIndirectInputEvents = YES;
				INFOPLIST_KEY_UILaunchScreen_Generation = YES;
				INFOPLIST_KEY_UIRequiredDeviceCapabilities = arkit;
				INFOPLIST_KEY_UIStatusBarHidden = YES;
				INFOPLIST_KEY_UISupportedInterfaceOrientations_iPad = "UIInterfaceOrientationPortrait UIInterfaceOrientationPortraitUpsideDown UIInterfaceOrientationLandscapeLeft UIInterfaceOrientationLandscapeRight";
				INFOPLIST_KEY_UISupportedInterfaceOrientations_iPhone = "UIInterfaceOrientationPortrait UIInterfaceOrientationLandscapeLeft UIInterfaceOrientationLandscapeRight";
				LD_RUNPATH_SEARCH_PATHS = (
					"$(inherited)",
					"@executable_path/Frameworks",
				);
				MARKETING_VERSION = 1.0;
				PRODUCT_BUNDLE_IDENTIFIER = com.lin.SolarSystemAR.SolarSystemAR;
				PRODUCT_NAME = "$(TARGET_NAME)";
				SWIFT_EMIT_LOC_STRINGS = YES;
				SWIFT_VERSION = 5.0;
				TARGETED_DEVICE_FAMILY = "1,2";
			};
			name = Release;
		};
		1E6BF5612CC6767000087529 /* Debug */ = {
			isa = XCBuildConfiguration;
			buildSettings = {
				BUNDLE_LOADER = "$(TEST_HOST)";
				CODE_SIGN_STYLE = Automatic;
				CURRENT_PROJECT_VERSION = 1;
				DEVELOPMENT_TEAM = NQ226ZLDF2;
				GENERATE_INFOPLIST_FILE = YES;
				IPHONEOS_DEPLOYMENT_TARGET = 18.0;
				MARKETING_VERSION = 1.0;
				PRODUCT_BUNDLE_IDENTIFIER = com.lin.SolarSystemAR.SolarSystemARTests;
				PRODUCT_NAME = "$(TARGET_NAME)";
				SWIFT_EMIT_LOC_STRINGS = NO;
				SWIFT_VERSION = 5.0;
				TARGETED_DEVICE_FAMILY = "1,2";
				TEST_HOST = "$(BUILT_PRODUCTS_DIR)/SolarSystemAR.app/$(BUNDLE_EXECUTABLE_FOLDER_PATH)/SolarSystemAR";
			};
			name = Debug;
		};
		1E6BF5622CC6767000087529 /* Release */ = {
			isa = XCBuildConfiguration;
			buildSettings = {
				BUNDLE_LOADER = "$(TEST_HOST)";
				CODE_SIGN_STYLE = Automatic;
				CURRENT_PROJECT_VERSION = 1;
				DEVELOPMENT_TEAM = NQ226ZLDF2;
				GENERATE_INFOPLIST_FILE = YES;
				IPHONEOS_DEPLOYMENT_TARGET = 18.0;
				MARKETING_VERSION = 1.0;
				PRODUCT_BUNDLE_IDENTIFIER = com.lin.SolarSystemAR.SolarSystemARTests;
				PRODUCT_NAME = "$(TARGET_NAME)";
				SWIFT_EMIT_LOC_STRINGS = NO;
				SWIFT_VERSION = 5.0;
				TARGETED_DEVICE_FAMILY = "1,2";
				TEST_HOST = "$(BUILT_PRODUCTS_DIR)/SolarSystemAR.app/$(BUNDLE_EXECUTABLE_FOLDER_PATH)/SolarSystemAR";
			};
			name = Release;
		};
		1E6BF5642CC6767000087529 /* Debug */ = {
			isa = XCBuildConfiguration;
			buildSettings = {
				CODE_SIGN_STYLE = Automatic;
				CURRENT_PROJECT_VERSION = 1;
				DEVELOPMENT_TEAM = NQ226ZLDF2;
				GENERATE_INFOPLIST_FILE = YES;
				MARKETING_VERSION = 1.0;
				PRODUCT_BUNDLE_IDENTIFIER = com.lin.SolarSystemAR.SolarSystemARUITests;
				PRODUCT_NAME = "$(TARGET_NAME)";
				SWIFT_EMIT_LOC_STRINGS = NO;
				SWIFT_VERSION = 5.0;
				TARGETED_DEVICE_FAMILY = "1,2";
				TEST_TARGET_NAME = SolarSystemAR;
			};
			name = Debug;
		};
		1E6BF5652CC6767000087529 /* Release */ = {
			isa = XCBuildConfiguration;
			buildSettings = {
				CODE_SIGN_STYLE = Automatic;
				CURRENT_PROJECT_VERSION = 1;
				DEVELOPMENT_TEAM = NQ226ZLDF2;
				GENERATE_INFOPLIST_FILE = YES;
				MARKETING_VERSION = 1.0;
				PRODUCT_BUNDLE_IDENTIFIER = com.lin.SolarSystemAR.SolarSystemARUITests;
				PRODUCT_NAME = "$(TARGET_NAME)";
				SWIFT_EMIT_LOC_STRINGS = NO;
				SWIFT_VERSION = 5.0;
				TARGETED_DEVICE_FAMILY = "1,2";
				TEST_TARGET_NAME = SolarSystemAR;
			};
			name = Release;
		};
/* End XCBuildConfiguration section */

/* Begin XCConfigurationList section */
		1E6BF5342CC6766E00087529 /* Build configuration list for PBXProject "SolarSystemAR" */ = {
			isa = XCConfigurationList;
			buildConfigurations = (
				1E6BF55B2CC6767000087529 /* Debug */,
				1E6BF55C2CC6767000087529 /* Release */,
			);
			defaultConfigurationIsVisible = 0;
			defaultConfigurationName = Release;
		};
		1E6BF55D2CC6767000087529 /* Build configuration list for PBXNativeTarget "SolarSystemAR" */ = {
			isa = XCConfigurationList;
			buildConfigurations = (
				1E6BF55E2CC6767000087529 /* Debug */,
				1E6BF55F2CC6767000087529 /* Release */,
			);
			defaultConfigurationIsVisible = 0;
			defaultConfigurationName = Release;
		};
		1E6BF5602CC6767000087529 /* Build configuration list for PBXNativeTarget "SolarSystemARTests" */ = {
			isa = XCConfigurationList;
			buildConfigurations = (
				1E6BF5612CC6767000087529 /* Debug */,
				1E6BF5622CC6767000087529 /* Release */,
			);
			defaultConfigurationIsVisible = 0;
			defaultConfigurationName = Release;
		};
		1E6BF5632CC6767000087529 /* Build configuration list for PBXNativeTarget "SolarSystemARUITests" */ = {
			isa = XCConfigurationList;
			buildConfigurations = (
				1E6BF5642CC6767000087529 /* Debug */,
				1E6BF5652CC6767000087529 /* Release */,
			);
			defaultConfigurationIsVisible = 0;
			defaultConfigurationName = Release;
		};
/* End XCConfigurationList section */
	};
	rootObject = 1E6BF5312CC6766E00087529 /* Project object */;
}
